
Microsoft Visual Studio Solution File, Format Version 12.00
# Visual Studio Version 16
VisualStudioVersion = 16.0.30413.136
MinimumVisualStudioVersion = 10.0.40219.1
Project("{FAE04EC0-301F-11D3-BF4B-00C04F79EFBC}") = "EjerciciosPOO-P2", "EjerciciosPOO-P2.csproj", "{2EE71DEF-6F92-46D4-B630-A6DB797BF6EA}"
EndProject
Global
	GlobalSection(SolutionConfigurationPlatforms) = preSolution
		Debug|Any CPU = Debug|Any CPU
		Release|Any CPU = Release|Any CPU
	EndGlobalSection
	GlobalSection(ProjectConfigurationPlatforms) = postSolution
		{2EE71DEF-6F92-46D4-B630-A6DB797BF6EA}.Debug|Any CPU.ActiveCfg = Debug|Any CPU
		{2EE71DEF-6F92-46D4-B630-A6DB797BF6EA}.Debug|Any CPU.Build.0 = Debug|Any CPU
		{2EE71DEF-6F92-46D4-B630-A6DB797BF6EA}.Release|Any CPU.ActiveCfg = Release|Any CPU
		{2EE71DEF-6F92-46D4-B630-A6DB797BF6EA}.Release|Any CPU.Build.0 = Release|Any CPU
	EndGlobalSection
	GlobalSection(SolutionProperties) = preSolution
		HideSolutionNode = FALSE
	EndGlobalSection
	GlobalSection(ExtensibilityGlobals) = postSolution
		SolutionGuid = {CDB85610-7EFE-43E6-89B3-19DF1DD8B89B}
	EndGlobalSection
EndGlobal
